
Microsoft Visual Studio Solution File, Format Version 12.00
# Visual Studio Version 16
VisualStudioVersion = 16.0.29403.142
MinimumVisualStudioVersion = 10.0.40219.1
Project("{9A19103F-16F7-4668-BE54-9A1E7A4F7556}") = "General.Purpose.Communicator", "General.Purpose.Communicator\General.Purpose.Communicator.csproj", "{2919881E-25C3-4F53-8D8D-3CF1E1D1CD52}"
EndProject
Global
	GlobalSection(SolutionConfigurationPlatforms) = preSolution
		Debug|Any CPU = Debug|Any CPU
		Release|Any CPU = Release|Any CPU
	EndGlobalSection
	GlobalSection(ProjectConfigurationPlatforms) = postSolution
		{2919881E-25C3-4F53-8D8D-3CF1E1D1CD52}.Debug|Any CPU.ActiveCfg = Debug|Any CPU
		{2919881E-25C3-4F53-8D8D-3CF1E1D1CD52}.Debug|Any CPU.Build.0 = Debug|Any CPU
		{2919881E-25C3-4F53-8D8D-3CF1E1D1CD52}.Release|Any CPU.ActiveCfg = Release|Any CPU
		{2919881E-25C3-4F53-8D8D-3CF1E1D1CD52}.Release|Any CPU.Build.0 = Release|Any CPU
	EndGlobalSection
	GlobalSection(SolutionProperties) = preSolution
		HideSolutionNode = FALSE
	EndGlobalSection
	GlobalSection(ExtensibilityGlobals) = postSolution
		SolutionGuid = {4F19CF1F-9B3F-4851-8CD7-1A2EE1C920C8}
	EndGlobalSection
EndGlobal
